
Microsoft Visual Studio Solution File, Format Version 12.00
# Visual Studio Version 16
VisualStudioVersion = 16.0.29911.84
MinimumVisualStudioVersion = 15.0.26124.0
Project("{9A19103F-16F7-4668-BE54-9A1E7A4F7556}") = "SamplesWeightingApp", "SamplesWeightingApp\SamplesWeightingApp.csproj", "{69009F04-4AE8-4FC7-ACD8-96BE163B1458}"
EndProject
Project("{9A19103F-16F7-4668-BE54-9A1E7A4F7556}") = "test", "test\test.csproj", "{9B929D19-FC18-413F-8BC0-CD877ED3C099}"
EndProject
Project("{2150E333-8FDC-42A3-9474-1A3956D46DE8}") = "Solution Items", "Solution Items", "{AFF87775-921F-4236-A629-8A7A6F09AC2B}"
	ProjectSection(SolutionItems) = preProject
		.github\workflows\SamplesWeightingCI.yml = .github\workflows\SamplesWeightingCI.yml
	EndProjectSection
EndProject
Global
	GlobalSection(SolutionConfigurationPlatforms) = preSolution
		Debug|Any CPU = Debug|Any CPU
		Debug|x64 = Debug|x64
		Debug|x86 = Debug|x86
		Release|Any CPU = Release|Any CPU
		Release|x64 = Release|x64
		Release|x86 = Release|x86
	EndGlobalSection
	GlobalSection(ProjectConfigurationPlatforms) = postSolution
		{69009F04-4AE8-4FC7-ACD8-96BE163B1458}.Debug|Any CPU.ActiveCfg = Debug|Any CPU
		{69009F04-4AE8-4FC7-ACD8-96BE163B1458}.Debug|Any CPU.Build.0 = Debug|Any CPU
		{69009F04-4AE8-4FC7-ACD8-96BE163B1458}.Debug|x64.ActiveCfg = Debug|Any CPU
		{69009F04-4AE8-4FC7-ACD8-96BE163B1458}.Debug|x64.Build.0 = Debug|Any CPU
		{69009F04-4AE8-4FC7-ACD8-96BE163B1458}.Debug|x86.ActiveCfg = Debug|Any CPU
		{69009F04-4AE8-4FC7-ACD8-96BE163B1458}.Debug|x86.Build.0 = Debug|Any CPU
		{69009F04-4AE8-4FC7-ACD8-96BE163B1458}.Release|Any CPU.ActiveCfg = Release|Any CPU
		{69009F04-4AE8-4FC7-ACD8-96BE163B1458}.Release|Any CPU.Build.0 = Release|Any CPU
		{69009F04-4AE8-4FC7-ACD8-96BE163B1458}.Release|x64.ActiveCfg = Release|Any CPU
		{69009F04-4AE8-4FC7-ACD8-96BE163B1458}.Release|x64.Build.0 = Release|Any CPU
		{69009F04-4AE8-4FC7-ACD8-96BE163B1458}.Release|x86.ActiveCfg = Release|Any CPU
		{69009F04-4AE8-4FC7-ACD8-96BE163B1458}.Release|x86.Build.0 = Release|Any CPU
		{9B929D19-FC18-413F-8BC0-CD877ED3C099}.Debug|Any CPU.ActiveCfg = Debug|Any CPU
		{9B929D19-FC18-413F-8BC0-CD877ED3C099}.Debug|Any CPU.Build.0 = Debug|Any CPU
		{9B929D19-FC18-413F-8BC0-CD877ED3C099}.Debug|x64.ActiveCfg = Debug|Any CPU
		{9B929D19-FC18-413F-8BC0-CD877ED3C099}.Debug|x64.Build.0 = Debug|Any CPU
		{9B929D19-FC18-413F-8BC0-CD877ED3C099}.Debug|x86.ActiveCfg = Debug|Any CPU
		{9B929D19-FC18-413F-8BC0-CD877ED3C099}.Debug|x86.Build.0 = Debug|Any CPU
		{9B929D19-FC18-413F-8BC0-CD877ED3C099}.Release|Any CPU.ActiveCfg = Release|Any CPU
		{9B929D19-FC18-413F-8BC0-CD877ED3C099}.Release|Any CPU.Build.0 = Release|Any CPU
		{9B929D19-FC18-413F-8BC0-CD877ED3C099}.Release|x64.ActiveCfg = Release|Any CPU
		{9B929D19-FC18-413F-8BC0-CD877ED3C099}.Release|x64.Build.0 = Release|Any CPU
		{9B929D19-FC18-413F-8BC0-CD877ED3C099}.Release|x86.ActiveCfg = Release|Any CPU
		{9B929D19-FC18-413F-8BC0-CD877ED3C099}.Release|x86.Build.0 = Release|Any CPU
	EndGlobalSection
	GlobalSection(SolutionProperties) = preSolution
		HideSolutionNode = FALSE
	EndGlobalSection
	GlobalSection(ExtensibilityGlobals) = postSolution
		SolutionGuid = {ADF10171-803E-4239-909B-B1AE60DEA485}
	EndGlobalSection
EndGlobal
