
Microsoft Visual Studio Solution File, Format Version 12.00
# Visual Studio 15
VisualStudioVersion = 15.0.26124.0
MinimumVisualStudioVersion = 15.0.26124.0
Project("{FAE04EC0-301F-11D3-BF4B-00C04F79EFBC}") = "SamplesWeightingApp", "SamplesWeightingApp\SamplesWeightingApp.csproj", "{69009F04-4AE8-4FC7-ACD8-96BE163B1458}"
EndProject
Project("{FAE04EC0-301F-11D3-BF4B-00C04F79EFBC}") = "test", "test\test.csproj", "{9B929D19-FC18-413F-8BC0-CD877ED3C099}"
EndProject
Global
	GlobalSection(SolutionConfigurationPlatforms) = preSolution
		Debug|Any CPU = Debug|Any CPU
		Debug|x64 = Debug|x64
		Debug|x86 = Debug|x86
		Release|Any CPU = Release|Any CPU
		Release|x64 = Release|x64
		Release|x86 = Release|x86
	EndGlobalSection
	GlobalSection(SolutionProperties) = preSolution
		HideSolutionNode = FALSE
	EndGlobalSection
	GlobalSection(ProjectConfigurationPlatforms) = postSolution
		{69009F04-4AE8-4FC7-ACD8-96BE163B1458}.Debug|Any CPU.ActiveCfg = Debug|Any CPU
		{69009F04-4AE8-4FC7-ACD8-96BE163B1458}.Debug|Any CPU.Build.0 = Debug|Any CPU
		{69009F04-4AE8-4FC7-ACD8-96BE163B1458}.Debug|x64.ActiveCfg = Debug|Any CPU
		{69009F04-4AE8-4FC7-ACD8-96BE163B1458}.Debug|x64.Build.0 = Debug|Any CPU
		{69009F04-4AE8-4FC7-ACD8-96BE163B1458}.Debug|x86.ActiveCfg = Debug|Any CPU
		{69009F04-4AE8-4FC7-ACD8-96BE163B1458}.Debug|x86.Build.0 = Debug|Any CPU
		{69009F04-4AE8-4FC7-ACD8-96BE163B1458}.Release|Any CPU.ActiveCfg = Release|Any CPU
		{69009F04-4AE8-4FC7-ACD8-96BE163B1458}.Release|Any CPU.Build.0 = Release|Any CPU
		{69009F04-4AE8-4FC7-ACD8-96BE163B1458}.Release|x64.ActiveCfg = Release|Any CPU
		{69009F04-4AE8-4FC7-ACD8-96BE163B1458}.Release|x64.Build.0 = Release|Any CPU
		{69009F04-4AE8-4FC7-ACD8-96BE163B1458}.Release|x86.ActiveCfg = Release|Any CPU
		{69009F04-4AE8-4FC7-ACD8-96BE163B1458}.Release|x86.Build.0 = Release|Any CPU
		{9B929D19-FC18-413F-8BC0-CD877ED3C099}.Debug|Any CPU.ActiveCfg = Debug|Any CPU
		{9B929D19-FC18-413F-8BC0-CD877ED3C099}.Debug|Any CPU.Build.0 = Debug|Any CPU
		{9B929D19-FC18-413F-8BC0-CD877ED3C099}.Debug|x64.ActiveCfg = Debug|Any CPU
		{9B929D19-FC18-413F-8BC0-CD877ED3C099}.Debug|x64.Build.0 = Debug|Any CPU
		{9B929D19-FC18-413F-8BC0-CD877ED3C099}.Debug|x86.ActiveCfg = Debug|Any CPU
		{9B929D19-FC18-413F-8BC0-CD877ED3C099}.Debug|x86.Build.0 = Debug|Any CPU
		{9B929D19-FC18-413F-8BC0-CD877ED3C099}.Release|Any CPU.ActiveCfg = Release|Any CPU
		{9B929D19-FC18-413F-8BC0-CD877ED3C099}.Release|Any CPU.Build.0 = Release|Any CPU
		{9B929D19-FC18-413F-8BC0-CD877ED3C099}.Release|x64.ActiveCfg = Release|Any CPU
		{9B929D19-FC18-413F-8BC0-CD877ED3C099}.Release|x64.Build.0 = Release|Any CPU
		{9B929D19-FC18-413F-8BC0-CD877ED3C099}.Release|x86.ActiveCfg = Release|Any CPU
		{9B929D19-FC18-413F-8BC0-CD877ED3C099}.Release|x86.Build.0 = Release|Any CPU
	EndGlobalSection
EndGlobal
